
Microsoft Visual Studio Solution File, Format Version 11.00
# Visual Studio 2010
Project("{FAE04EC0-301F-11D3-BF4B-00C04F79EFBC}") = "UniRx.Async", "UniRx.Async.csproj", "{93700F21-6049-BE96-66ED-0F2FAAA1CB12}"
EndProject
Project("{FAE04EC0-301F-11D3-BF4B-00C04F79EFBC}") = "Assembly-CSharp-firstpass", "Assembly-CSharp-firstpass.csproj", "{C477C7E3-3590-9EC7-03C7-994B74CD395A}"
EndProject
Project("{FAE04EC0-301F-11D3-BF4B-00C04F79EFBC}") = "Assembly-CSharp", "Assembly-CSharp.csproj", "{6E8D4E3A-E4BE-47BA-B604-4A3E07FAA2CA}"
EndProject
Project("{FAE04EC0-301F-11D3-BF4B-00C04F79EFBC}") = "UniRx.Async.Editor", "UniRx.Async.Editor.csproj", "{AA69E3FB-1AEC-0A99-C981-BC4D5547D6F7}"
EndProject
Global
	GlobalSection(SolutionConfigurationPlatforms) = preSolution
		Debug|Any CPU = Debug|Any CPU
		Release|Any CPU = Release|Any CPU
	EndGlobalSection
	GlobalSection(ProjectConfigurationPlatforms) = postSolution
		{93700F21-6049-BE96-66ED-0F2FAAA1CB12}.Debug|Any CPU.ActiveCfg = Debug|Any CPU
		{93700F21-6049-BE96-66ED-0F2FAAA1CB12}.Debug|Any CPU.Build.0 = Debug|Any CPU
		{93700F21-6049-BE96-66ED-0F2FAAA1CB12}.Release|Any CPU.ActiveCfg = Release|Any CPU
		{93700F21-6049-BE96-66ED-0F2FAAA1CB12}.Release|Any CPU.Build.0 = Release|Any CPU
		{C477C7E3-3590-9EC7-03C7-994B74CD395A}.Debug|Any CPU.ActiveCfg = Debug|Any CPU
		{C477C7E3-3590-9EC7-03C7-994B74CD395A}.Debug|Any CPU.Build.0 = Debug|Any CPU
		{C477C7E3-3590-9EC7-03C7-994B74CD395A}.Release|Any CPU.ActiveCfg = Release|Any CPU
		{C477C7E3-3590-9EC7-03C7-994B74CD395A}.Release|Any CPU.Build.0 = Release|Any CPU
		{6E8D4E3A-E4BE-47BA-B604-4A3E07FAA2CA}.Debug|Any CPU.ActiveCfg = Debug|Any CPU
		{6E8D4E3A-E4BE-47BA-B604-4A3E07FAA2CA}.Debug|Any CPU.Build.0 = Debug|Any CPU
		{6E8D4E3A-E4BE-47BA-B604-4A3E07FAA2CA}.Release|Any CPU.ActiveCfg = Release|Any CPU
		{6E8D4E3A-E4BE-47BA-B604-4A3E07FAA2CA}.Release|Any CPU.Build.0 = Release|Any CPU
		{AA69E3FB-1AEC-0A99-C981-BC4D5547D6F7}.Debug|Any CPU.ActiveCfg = Debug|Any CPU
		{AA69E3FB-1AEC-0A99-C981-BC4D5547D6F7}.Debug|Any CPU.Build.0 = Debug|Any CPU
		{AA69E3FB-1AEC-0A99-C981-BC4D5547D6F7}.Release|Any CPU.ActiveCfg = Release|Any CPU
		{AA69E3FB-1AEC-0A99-C981-BC4D5547D6F7}.Release|Any CPU.Build.0 = Release|Any CPU
	EndGlobalSection
	GlobalSection(SolutionProperties) = preSolution
		HideSolutionNode = FALSE
	EndGlobalSection
EndGlobal
